// !$*UTF8*$!
{
	archiveVersion = 1;
	classes = {
	};
	objectVersion = 56;
	objects = {

/* Begin PBXBuildFile section */
		C32419852A02DC4D00856BB1 /* TaskDetailView.swift in Sources */ = {isa = PBXBuildFile; fileRef = C32419842A02DC4D00856BB1 /* TaskDetailView.swift */; };
		C32419882A02DFE500856BB1 /* Introspect in Frameworks */ = {isa = PBXBuildFile; productRef = C32419872A02DFE500856BB1 /* Introspect */; };
		C324198C2A03009000856BB1 /* AppDelegate.swift in Sources */ = {isa = PBXBuildFile; fileRef = C324198B2A03009000856BB1 /* AppDelegate.swift */; };
		C324198E2A03C4CC00856BB1 /* NotificationManager.swift in Sources */ = {isa = PBXBuildFile; fileRef = C324198D2A03C4CC00856BB1 /* NotificationManager.swift */; };
		C38108682A1CDD8A00C8D4CF /* CircleProgressView.swift in Sources */ = {isa = PBXBuildFile; fileRef = C38108672A1CDD8A00C8D4CF /* CircleProgressView.swift */; };
		C381086A2A1CE1BC00C8D4CF /* AppstoreReview.swift in Sources */ = {isa = PBXBuildFile; fileRef = C38108692A1CE1BC00C8D4CF /* AppstoreReview.swift */; };
		C386296D2A0A4AF3008A98C6 /* FirebaseCrashlytics in Frameworks */ = {isa = PBXBuildFile; productRef = C386296C2A0A4AF3008A98C6 /* FirebaseCrashlytics */; };
		C386296F2A0A4AF3008A98C6 /* FirebaseFunctions in Frameworks */ = {isa = PBXBuildFile; productRef = C386296E2A0A4AF3008A98C6 /* FirebaseFunctions */; };
		C38629732A0A50C0008A98C6 /* GoogleService-Info.plist in Resources */ = {isa = PBXBuildFile; fileRef = C38629722A0A50C0008A98C6 /* GoogleService-Info.plist */; };
		C38629752A0A5132008A98C6 /* FirebaseAnalyticsWithoutAdIdSupport in Frameworks */ = {isa = PBXBuildFile; productRef = C38629742A0A5132008A98C6 /* FirebaseAnalyticsWithoutAdIdSupport */; };
		C38629792A0BB762008A98C6 /* DashboardView.swift in Sources */ = {isa = PBXBuildFile; fileRef = C38629782A0BB762008A98C6 /* DashboardView.swift */; };
		C38629A02A0E44AA008A98C6 /* Spotlight.swift in Sources */ = {isa = PBXBuildFile; fileRef = C386299F2A0E44AA008A98C6 /* Spotlight.swift */; };
		C39BD74E2A012E6E00F83501 /* PomodoroApp.swift in Sources */ = {isa = PBXBuildFile; fileRef = C39BD74D2A012E6E00F83501 /* PomodoroApp.swift */; };
		C39BD7522A012E6F00F83501 /* Assets.xcassets in Resources */ = {isa = PBXBuildFile; fileRef = C39BD7512A012E6F00F83501 /* Assets.xcassets */; };
		C39BD7552A012E6F00F83501 /* Preview Assets.xcassets in Resources */ = {isa = PBXBuildFile; fileRef = C39BD7542A012E6F00F83501 /* Preview Assets.xcassets */; };
		C39BD7572A012E6F00F83501 /* Persistence.swift in Sources */ = {isa = PBXBuildFile; fileRef = C39BD7562A012E6F00F83501 /* Persistence.swift */; };
		C39BD75A2A012E6F00F83501 /* PomodoroApp.xcdatamodeld in Sources */ = {isa = PBXBuildFile; fileRef = C39BD7582A012E6F00F83501 /* PomodoroApp.xcdatamodeld */; };
		C39BD7612A012EB100F83501 /* HomePage.swift in Sources */ = {isa = PBXBuildFile; fileRef = C39BD7602A012EB100F83501 /* HomePage.swift */; };
		C39BD7632A0131E800F83501 /* AlertManager.swift in Sources */ = {isa = PBXBuildFile; fileRef = C39BD7622A0131E800F83501 /* AlertManager.swift */; };
		C39BD76A2A01342A00F83501 /* UIApplicationExtension.swift in Sources */ = {isa = PBXBuildFile; fileRef = C39BD7692A01342A00F83501 /* UIApplicationExtension.swift */; };
		C39BD76E2A01404000F83501 /* PomodoroPage.swift in Sources */ = {isa = PBXBuildFile; fileRef = C39BD76D2A01404000F83501 /* PomodoroPage.swift */; };
		C39BD7722A01461F00F83501 /* Extensions.swift in Sources */ = {isa = PBXBuildFile; fileRef = C39BD7712A01461F00F83501 /* Extensions.swift */; };
		C3D641A82A1CFDF70093C830 /* AnalyticsHelper.swift in Sources */ = {isa = PBXBuildFile; fileRef = C3D641A72A1CFDF70093C830 /* AnalyticsHelper.swift */; };
/* End PBXBuildFile section */

/* Begin PBXFileReference section */
		C32419842A02DC4D00856BB1 /* TaskDetailView.swift */ = {isa = PBXFileReference; lastKnownFileType = sourcecode.swift; path = TaskDetailView.swift; sourceTree = "<group>"; };
		C324198B2A03009000856BB1 /* AppDelegate.swift */ = {isa = PBXFileReference; fileEncoding = 4; lastKnownFileType = sourcecode.swift; path = AppDelegate.swift; sourceTree = "<group>"; };
		C324198D2A03C4CC00856BB1 /* NotificationManager.swift */ = {isa = PBXFileReference; lastKnownFileType = sourcecode.swift; path = NotificationManager.swift; sourceTree = "<group>"; };
		C38108672A1CDD8A00C8D4CF /* CircleProgressView.swift */ = {isa = PBXFileReference; fileEncoding = 4; lastKnownFileType = sourcecode.swift; path = CircleProgressView.swift; sourceTree = "<group>"; };
		C38108692A1CE1BC00C8D4CF /* AppstoreReview.swift */ = {isa = PBXFileReference; lastKnownFileType = sourcecode.swift; path = AppstoreReview.swift; sourceTree = "<group>"; };
		C38629722A0A50C0008A98C6 /* GoogleService-Info.plist */ = {isa = PBXFileReference; fileEncoding = 4; lastKnownFileType = text.plist.xml; path = "GoogleService-Info.plist"; sourceTree = "<group>"; };
		C38629782A0BB762008A98C6 /* DashboardView.swift */ = {isa = PBXFileReference; lastKnownFileType = sourcecode.swift; path = DashboardView.swift; sourceTree = "<group>"; };
		C386299F2A0E44AA008A98C6 /* Spotlight.swift */ = {isa = PBXFileReference; lastKnownFileType = sourcecode.swift; path = Spotlight.swift; sourceTree = "<group>"; };
		C39BD74A2A012E6E00F83501 /* PomodoroApp.app */ = {isa = PBXFileReference; explicitFileType = wrapper.application; includeInIndex = 0; path = PomodoroApp.app; sourceTree = BUILT_PRODUCTS_DIR; };
		C39BD74D2A012E6E00F83501 /* PomodoroApp.swift */ = {isa = PBXFileReference; lastKnownFileType = sourcecode.swift; path = PomodoroApp.swift; sourceTree = "<group>"; };
		C39BD7512A012E6F00F83501 /* Assets.xcassets */ = {isa = PBXFileReference; lastKnownFileType = folder.assetcatalog; path = Assets.xcassets; sourceTree = "<group>"; };
		C39BD7542A012E6F00F83501 /* Preview Assets.xcassets */ = {isa = PBXFileReference; lastKnownFileType = folder.assetcatalog; path = "Preview Assets.xcassets"; sourceTree = "<group>"; };
		C39BD7562A012E6F00F83501 /* Persistence.swift */ = {isa = PBXFileReference; lastKnownFileType = sourcecode.swift; path = Persistence.swift; sourceTree = "<group>"; };
		C39BD7592A012E6F00F83501 /* PomodoroApp.xcdatamodel */ = {isa = PBXFileReference; lastKnownFileType = wrapper.xcdatamodel; path = PomodoroApp.xcdatamodel; sourceTree = "<group>"; };
		C39BD7602A012EB100F83501 /* HomePage.swift */ = {isa = PBXFileReference; lastKnownFileType = sourcecode.swift; path = HomePage.swift; sourceTree = "<group>"; };
		C39BD7622A0131E800F83501 /* AlertManager.swift */ = {isa = PBXFileReference; fileEncoding = 4; lastKnownFileType = sourcecode.swift; path = AlertManager.swift; sourceTree = "<group>"; };
		C39BD7692A01342A00F83501 /* UIApplicationExtension.swift */ = {isa = PBXFileReference; fileEncoding = 4; lastKnownFileType = sourcecode.swift; path = UIApplicationExtension.swift; sourceTree = "<group>"; };
		C39BD76D2A01404000F83501 /* PomodoroPage.swift */ = {isa = PBXFileReference; lastKnownFileType = sourcecode.swift; path = PomodoroPage.swift; sourceTree = "<group>"; };
		C39BD7712A01461F00F83501 /* Extensions.swift */ = {isa = PBXFileReference; lastKnownFileType = sourcecode.swift; path = Extensions.swift; sourceTree = "<group>"; };
		C3D641A72A1CFDF70093C830 /* AnalyticsHelper.swift */ = {isa = PBXFileReference; fileEncoding = 4; lastKnownFileType = sourcecode.swift; path = AnalyticsHelper.swift; sourceTree = "<group>"; };
/* End PBXFileReference section */

/* Begin PBXFrameworksBuildPhase section */
		C39BD7472A012E6E00F83501 /* Frameworks */ = {
			isa = PBXFrameworksBuildPhase;
			buildActionMask = 2147483647;
			files = (
				C386296D2A0A4AF3008A98C6 /* FirebaseCrashlytics in Frameworks */,
				C32419882A02DFE500856BB1 /* Introspect in Frameworks */,
				C386296F2A0A4AF3008A98C6 /* FirebaseFunctions in Frameworks */,
				C38629752A0A5132008A98C6 /* FirebaseAnalyticsWithoutAdIdSupport in Frameworks */,
			);
			runOnlyForDeploymentPostprocessing = 0;
		};
/* End PBXFrameworksBuildPhase section */

/* Begin PBXGroup section */
		C32419812A028BF500856BB1 /* CoreData */ = {
			isa = PBXGroup;
			children = (
				C39BD7582A012E6F00F83501 /* PomodoroApp.xcdatamodeld */,
				C39BD7562A012E6F00F83501 /* Persistence.swift */,
			);
			path = CoreData;
			sourceTree = "<group>";
		};
		C39BD7412A012E6E00F83501 = {
			isa = PBXGroup;
			children = (
				C39BD74C2A012E6E00F83501 /* PomodoroApp */,
				C39BD74B2A012E6E00F83501 /* Products */,
			);
			sourceTree = "<group>";
		};
		C39BD74B2A012E6E00F83501 /* Products */ = {
			isa = PBXGroup;
			children = (
				C39BD74A2A012E6E00F83501 /* PomodoroApp.app */,
			);
			name = Products;
			sourceTree = "<group>";
		};
		C39BD74C2A012E6E00F83501 /* PomodoroApp */ = {
			isa = PBXGroup;
			children = (
				C38629722A0A50C0008A98C6 /* GoogleService-Info.plist */,
				C39BD74D2A012E6E00F83501 /* PomodoroApp.swift */,
				C324198B2A03009000856BB1 /* AppDelegate.swift */,
				C39BD7512A012E6F00F83501 /* Assets.xcassets */,
				C39BD7642A0131FE00F83501 /* Views */,
				C39BD7652A01321000F83501 /* Settings */,
				C32419812A028BF500856BB1 /* CoreData */,
				C39BD7732A01463A00F83501 /* Extension */,
				C39BD7682A01325D00F83501 /* Helpers */,
				C39BD7532A012E6F00F83501 /* Preview Content */,
			);
			path = PomodoroApp;
			sourceTree = "<group>";
		};
		C39BD7532A012E6F00F83501 /* Preview Content */ = {
			isa = PBXGroup;
			children = (
				C39BD7542A012E6F00F83501 /* Preview Assets.xcassets */,
			);
			path = "Preview Content";
			sourceTree = "<group>";
		};
		C39BD7642A0131FE00F83501 /* Views */ = {
			isa = PBXGroup;
			children = (
				C32419842A02DC4D00856BB1 /* TaskDetailView.swift */,
				C38629782A0BB762008A98C6 /* DashboardView.swift */,
				C38108672A1CDD8A00C8D4CF /* CircleProgressView.swift */,
				C39BD7602A012EB100F83501 /* HomePage.swift */,
				C39BD76D2A01404000F83501 /* PomodoroPage.swift */,
			);
			path = Views;
			sourceTree = "<group>";
		};
		C39BD7652A01321000F83501 /* Settings */ = {
			isa = PBXGroup;
			children = (
				C39BD7622A0131E800F83501 /* AlertManager.swift */,
				C324198D2A03C4CC00856BB1 /* NotificationManager.swift */,
			);
			path = Settings;
			sourceTree = "<group>";
		};
		C39BD7682A01325D00F83501 /* Helpers */ = {
			isa = PBXGroup;
			children = (
				C38108692A1CE1BC00C8D4CF /* AppstoreReview.swift */,
				C3D641A72A1CFDF70093C830 /* AnalyticsHelper.swift */,
				C386299F2A0E44AA008A98C6 /* Spotlight.swift */,
			);
			path = Helpers;
			sourceTree = "<group>";
		};
		C39BD7732A01463A00F83501 /* Extension */ = {
			isa = PBXGroup;
			children = (
				C39BD7692A01342A00F83501 /* UIApplicationExtension.swift */,
				C39BD7712A01461F00F83501 /* Extensions.swift */,
			);
			path = Extension;
			sourceTree = "<group>";
		};
/* End PBXGroup section */

/* Begin PBXNativeTarget section */
		C39BD7492A012E6E00F83501 /* PomodoroApp */ = {
			isa = PBXNativeTarget;
			buildConfigurationList = C39BD75D2A012E6F00F83501 /* Build configuration list for PBXNativeTarget "PomodoroApp" */;
			buildPhases = (
				C39BD7462A012E6E00F83501 /* Sources */,
				C39BD7472A012E6E00F83501 /* Frameworks */,
				C39BD7482A012E6E00F83501 /* Resources */,
			);
			buildRules = (
			);
			dependencies = (
			);
			name = PomodoroApp;
			packageProductDependencies = (
				C32419872A02DFE500856BB1 /* Introspect */,
				C386296C2A0A4AF3008A98C6 /* FirebaseCrashlytics */,
				C386296E2A0A4AF3008A98C6 /* FirebaseFunctions */,
				C38629742A0A5132008A98C6 /* FirebaseAnalyticsWithoutAdIdSupport */,
			);
			productName = PomodoroApp;
			productReference = C39BD74A2A012E6E00F83501 /* PomodoroApp.app */;
			productType = "com.apple.product-type.application";
		};
/* End PBXNativeTarget section */

/* Begin PBXProject section */
		C39BD7422A012E6E00F83501 /* Project object */ = {
			isa = PBXProject;
			attributes = {
				BuildIndependentTargetsInParallel = 1;
				LastSwiftUpdateCheck = 1420;
				LastUpgradeCheck = 1420;
				TargetAttributes = {
					C39BD7492A012E6E00F83501 = {
						CreatedOnToolsVersion = 14.2;
					};
				};
			};
			buildConfigurationList = C39BD7452A012E6E00F83501 /* Build configuration list for PBXProject "PomodoroApp" */;
			compatibilityVersion = "Xcode 14.0";
			developmentRegion = en;
			hasScannedForEncodings = 0;
			knownRegions = (
				en,
				Base,
			);
			mainGroup = C39BD7412A012E6E00F83501;
			packageReferences = (
				C32419862A02DFE500856BB1 /* XCRemoteSwiftPackageReference "SwiftUI-Introspect" */,
				C38629692A0A4AF3008A98C6 /* XCRemoteSwiftPackageReference "firebase-ios-sdk" */,
			);
			productRefGroup = C39BD74B2A012E6E00F83501 /* Products */;
			projectDirPath = "";
			projectRoot = "";
			targets = (
				C39BD7492A012E6E00F83501 /* PomodoroApp */,
			);
		};
/* End PBXProject section */

/* Begin PBXResourcesBuildPhase section */
		C39BD7482A012E6E00F83501 /* Resources */ = {
			isa = PBXResourcesBuildPhase;
			buildActionMask = 2147483647;
			files = (
				C39BD7552A012E6F00F83501 /* Preview Assets.xcassets in Resources */,
				C38629732A0A50C0008A98C6 /* GoogleService-Info.plist in Resources */,
				C39BD7522A012E6F00F83501 /* Assets.xcassets in Resources */,
			);
			runOnlyForDeploymentPostprocessing = 0;
		};
/* End PBXResourcesBuildPhase section */

/* Begin PBXSourcesBuildPhase section */
		C39BD7462A012E6E00F83501 /* Sources */ = {
			isa = PBXSourcesBuildPhase;
			buildActionMask = 2147483647;
			files = (
				C324198C2A03009000856BB1 /* AppDelegate.swift in Sources */,
				C39BD7612A012EB100F83501 /* HomePage.swift in Sources */,
				C39BD75A2A012E6F00F83501 /* PomodoroApp.xcdatamodeld in Sources */,
				C39BD7632A0131E800F83501 /* AlertManager.swift in Sources */,
				C39BD7572A012E6F00F83501 /* Persistence.swift in Sources */,
				C39BD76E2A01404000F83501 /* PomodoroPage.swift in Sources */,
				C38629792A0BB762008A98C6 /* DashboardView.swift in Sources */,
				C324198E2A03C4CC00856BB1 /* NotificationManager.swift in Sources */,
				C3D641A82A1CFDF70093C830 /* AnalyticsHelper.swift in Sources */,
				C381086A2A1CE1BC00C8D4CF /* AppstoreReview.swift in Sources */,
				C38629A02A0E44AA008A98C6 /* Spotlight.swift in Sources */,
				C39BD76A2A01342A00F83501 /* UIApplicationExtension.swift in Sources */,
				C32419852A02DC4D00856BB1 /* TaskDetailView.swift in Sources */,
				C39BD7722A01461F00F83501 /* Extensions.swift in Sources */,
				C38108682A1CDD8A00C8D4CF /* CircleProgressView.swift in Sources */,
				C39BD74E2A012E6E00F83501 /* PomodoroApp.swift in Sources */,
			);
			runOnlyForDeploymentPostprocessing = 0;
		};
/* End PBXSourcesBuildPhase section */

/* Begin XCBuildConfiguration section */
		C39BD75B2A012E6F00F83501 /* Debug */ = {
			isa = XCBuildConfiguration;
			buildSettings = {
				ALWAYS_SEARCH_USER_PATHS = NO;
				CLANG_ANALYZER_NONNULL = YES;
				CLANG_ANALYZER_NUMBER_OBJECT_CONVERSION = YES_AGGRESSIVE;
				CLANG_CXX_LANGUAGE_STANDARD = "gnu++20";
				CLANG_ENABLE_MODULES = YES;
				CLANG_ENABLE_OBJC_ARC = YES;
				CLANG_ENABLE_OBJC_WEAK = YES;
				CLANG_WARN_BLOCK_CAPTURE_AUTORELEASING = YES;
				CLANG_WARN_BOOL_CONVERSION = YES;
				CLANG_WARN_COMMA = YES;
				CLANG_WARN_CONSTANT_CONVERSION = YES;
				CLANG_WARN_DEPRECATED_OBJC_IMPLEMENTATIONS = YES;
				CLANG_WARN_DIRECT_OBJC_ISA_USAGE = YES_ERROR;
				CLANG_WARN_DOCUMENTATION_COMMENTS = YES;
				CLANG_WARN_EMPTY_BODY = YES;
				CLANG_WARN_ENUM_CONVERSION = YES;
				CLANG_WARN_INFINITE_RECURSION = YES;
				CLANG_WARN_INT_CONVERSION = YES;
				CLANG_WARN_NON_LITERAL_NULL_CONVERSION = YES;
				CLANG_WARN_OBJC_IMPLICIT_RETAIN_SELF = YES;
				CLANG_WARN_OBJC_LITERAL_CONVERSION = YES;
				CLANG_WARN_OBJC_ROOT_CLASS = YES_ERROR;
				CLANG_WARN_QUOTED_INCLUDE_IN_FRAMEWORK_HEADER = YES;
				CLANG_WARN_RANGE_LOOP_ANALYSIS = YES;
				CLANG_WARN_STRICT_PROTOTYPES = YES;
				CLANG_WARN_SUSPICIOUS_MOVE = YES;
				CLANG_WARN_UNGUARDED_AVAILABILITY = YES_AGGRESSIVE;
				CLANG_WARN_UNREACHABLE_CODE = YES;
				CLANG_WARN__DUPLICATE_METHOD_MATCH = YES;
				COPY_PHASE_STRIP = NO;
				DEBUG_INFORMATION_FORMAT = dwarf;
				ENABLE_STRICT_OBJC_MSGSEND = YES;
				ENABLE_TESTABILITY = YES;
				GCC_C_LANGUAGE_STANDARD = gnu11;
				GCC_DYNAMIC_NO_PIC = NO;
				GCC_NO_COMMON_BLOCKS = YES;
				GCC_OPTIMIZATION_LEVEL = 0;
				GCC_PREPROCESSOR_DEFINITIONS = (
					"DEBUG=1",
					"$(inherited)",
				);
				GCC_WARN_64_TO_32_BIT_CONVERSION = YES;
				GCC_WARN_ABOUT_RETURN_TYPE = YES_ERROR;
				GCC_WARN_UNDECLARED_SELECTOR = YES;
				GCC_WARN_UNINITIALIZED_AUTOS = YES_AGGRESSIVE;
				GCC_WARN_UNUSED_FUNCTION = YES;
				GCC_WARN_UNUSED_VARIABLE = YES;
				IPHONEOS_DEPLOYMENT_TARGET = 16.2;
				MTL_ENABLE_DEBUG_INFO = INCLUDE_SOURCE;
				MTL_FAST_MATH = YES;
				ONLY_ACTIVE_ARCH = YES;
				SDKROOT = iphoneos;
				SWIFT_ACTIVE_COMPILATION_CONDITIONS = DEBUG;
				SWIFT_OPTIMIZATION_LEVEL = "-Onone";
			};
			name = Debug;
		};
		C39BD75C2A012E6F00F83501 /* Release */ = {
			isa = XCBuildConfiguration;
			buildSettings = {
				ALWAYS_SEARCH_USER_PATHS = NO;
				CLANG_ANALYZER_NONNULL = YES;
				CLANG_ANALYZER_NUMBER_OBJECT_CONVERSION = YES_AGGRESSIVE;
				CLANG_CXX_LANGUAGE_STANDARD = "gnu++20";
				CLANG_ENABLE_MODULES = YES;
				CLANG_ENABLE_OBJC_ARC = YES;
				CLANG_ENABLE_OBJC_WEAK = YES;
				CLANG_WARN_BLOCK_CAPTURE_AUTORELEASING = YES;
				CLANG_WARN_BOOL_CONVERSION = YES;
				CLANG_WARN_COMMA = YES;
				CLANG_WARN_CONSTANT_CONVERSION = YES;
				CLANG_WARN_DEPRECATED_OBJC_IMPLEMENTATIONS = YES;
				CLANG_WARN_DIRECT_OBJC_ISA_USAGE = YES_ERROR;
				CLANG_WARN_DOCUMENTATION_COMMENTS = YES;
				CLANG_WARN_EMPTY_BODY = YES;
				CLANG_WARN_ENUM_CONVERSION = YES;
				CLANG_WARN_INFINITE_RECURSION = YES;
				CLANG_WARN_INT_CONVERSION = YES;
				CLANG_WARN_NON_LITERAL_NULL_CONVERSION = YES;
				CLANG_WARN_OBJC_IMPLICIT_RETAIN_SELF = YES;
				CLANG_WARN_OBJC_LITERAL_CONVERSION = YES;
				CLANG_WARN_OBJC_ROOT_CLASS = YES_ERROR;
				CLANG_WARN_QUOTED_INCLUDE_IN_FRAMEWORK_HEADER = YES;
				CLANG_WARN_RANGE_LOOP_ANALYSIS = YES;
				CLANG_WARN_STRICT_PROTOTYPES = YES;
				CLANG_WARN_SUSPICIOUS_MOVE = YES;
				CLANG_WARN_UNGUARDED_AVAILABILITY = YES_AGGRESSIVE;
				CLANG_WARN_UNREACHABLE_CODE = YES;
				CLANG_WARN__DUPLICATE_METHOD_MATCH = YES;
				COPY_PHASE_STRIP = NO;
				DEBUG_INFORMATION_FORMAT = "dwarf-with-dsym";
				ENABLE_NS_ASSERTIONS = NO;
				ENABLE_STRICT_OBJC_MSGSEND = YES;
				GCC_C_LANGUAGE_STANDARD = gnu11;
				GCC_NO_COMMON_BLOCKS = YES;
				GCC_WARN_64_TO_32_BIT_CONVERSION = YES;
				GCC_WARN_ABOUT_RETURN_TYPE = YES_ERROR;
				GCC_WARN_UNDECLARED_SELECTOR = YES;
				GCC_WARN_UNINITIALIZED_AUTOS = YES_AGGRESSIVE;
				GCC_WARN_UNUSED_FUNCTION = YES;
				GCC_WARN_UNUSED_VARIABLE = YES;
				IPHONEOS_DEPLOYMENT_TARGET = 16.2;
				MTL_ENABLE_DEBUG_INFO = NO;
				MTL_FAST_MATH = YES;
				SDKROOT = iphoneos;
				SWIFT_COMPILATION_MODE = wholemodule;
				SWIFT_OPTIMIZATION_LEVEL = "-O";
				VALIDATE_PRODUCT = YES;
			};
			name = Release;
		};
		C39BD75E2A012E6F00F83501 /* Debug */ = {
			isa = XCBuildConfiguration;
			buildSettings = {
				ASSETCATALOG_COMPILER_APPICON_NAME = AppIcon;
				ASSETCATALOG_COMPILER_GLOBAL_ACCENT_COLOR_NAME = AccentColor;
				CODE_SIGN_STYLE = Automatic;
				CURRENT_PROJECT_VERSION = 1;
				DEVELOPMENT_ASSET_PATHS = "\"PomodoroApp/Preview Content\"";
				DEVELOPMENT_TEAM = FZ44NY494X;
				ENABLE_PREVIEWS = YES;
				GENERATE_INFOPLIST_FILE = YES;
				INFOPLIST_KEY_UIApplicationSceneManifest_Generation = YES;
				INFOPLIST_KEY_UIApplicationSupportsIndirectInputEvents = YES;
				INFOPLIST_KEY_UILaunchScreen_Generation = YES;
				INFOPLIST_KEY_UISupportedInterfaceOrientations_iPad = "UIInterfaceOrientationPortrait UIInterfaceOrientationPortraitUpsideDown UIInterfaceOrientationLandscapeLeft UIInterfaceOrientationLandscapeRight";
				INFOPLIST_KEY_UISupportedInterfaceOrientations_iPhone = "UIInterfaceOrientationPortrait UIInterfaceOrientationLandscapeLeft UIInterfaceOrientationLandscapeRight";
				LD_RUNPATH_SEARCH_PATHS = (
					"$(inherited)",
					"@executable_path/Frameworks",
				);
				MARKETING_VERSION = 1.0;
				PRODUCT_BUNDLE_IDENTIFIER = com.evrim.PomodoroApp2;
				PRODUCT_NAME = "$(TARGET_NAME)";
				SWIFT_EMIT_LOC_STRINGS = YES;
				SWIFT_VERSION = 5.0;
				TARGETED_DEVICE_FAMILY = "1,2";
			};
			name = Debug;
		};
		C39BD75F2A012E6F00F83501 /* Release */ = {
			isa = XCBuildConfiguration;
			buildSettings = {
				ASSETCATALOG_COMPILER_APPICON_NAME = AppIcon;
				ASSETCATALOG_COMPILER_GLOBAL_ACCENT_COLOR_NAME = AccentColor;
				CODE_SIGN_STYLE = Automatic;
				CURRENT_PROJECT_VERSION = 1;
				DEVELOPMENT_ASSET_PATHS = "\"PomodoroApp/Preview Content\"";
				DEVELOPMENT_TEAM = FZ44NY494X;
				ENABLE_PREVIEWS = YES;
				GENERATE_INFOPLIST_FILE = YES;
				INFOPLIST_KEY_UIApplicationSceneManifest_Generation = YES;
				INFOPLIST_KEY_UIApplicationSupportsIndirectInputEvents = YES;
				INFOPLIST_KEY_UILaunchScreen_Generation = YES;
				INFOPLIST_KEY_UISupportedInterfaceOrientations_iPad = "UIInterfaceOrientationPortrait UIInterfaceOrientationPortraitUpsideDown UIInterfaceOrientationLandscapeLeft UIInterfaceOrientationLandscapeRight";
				INFOPLIST_KEY_UISupportedInterfaceOrientations_iPhone = "UIInterfaceOrientationPortrait UIInterfaceOrientationLandscapeLeft UIInterfaceOrientationLandscapeRight";
				LD_RUNPATH_SEARCH_PATHS = (
					"$(inherited)",
					"@executable_path/Frameworks",
				);
				MARKETING_VERSION = 1.0;
				PRODUCT_BUNDLE_IDENTIFIER = com.evrim.PomodoroApp2;
				PRODUCT_NAME = "$(TARGET_NAME)";
				SWIFT_EMIT_LOC_STRINGS = YES;
				SWIFT_VERSION = 5.0;
				TARGETED_DEVICE_FAMILY = "1,2";
			};
			name = Release;
		};
/* End XCBuildConfiguration section */

/* Begin XCConfigurationList section */
		C39BD7452A012E6E00F83501 /* Build configuration list for PBXProject "PomodoroApp" */ = {
			isa = XCConfigurationList;
			buildConfigurations = (
				C39BD75B2A012E6F00F83501 /* Debug */,
				C39BD75C2A012E6F00F83501 /* Release */,
			);
			defaultConfigurationIsVisible = 0;
			defaultConfigurationName = Release;
		};
		C39BD75D2A012E6F00F83501 /* Build configuration list for PBXNativeTarget "PomodoroApp" */ = {
			isa = XCConfigurationList;
			buildConfigurations = (
				C39BD75E2A012E6F00F83501 /* Debug */,
				C39BD75F2A012E6F00F83501 /* Release */,
			);
			defaultConfigurationIsVisible = 0;
			defaultConfigurationName = Release;
		};
/* End XCConfigurationList section */

/* Begin XCRemoteSwiftPackageReference section */
		C32419862A02DFE500856BB1 /* XCRemoteSwiftPackageReference "SwiftUI-Introspect" */ = {
			isa = XCRemoteSwiftPackageReference;
			repositoryURL = "https://github.com/siteline/SwiftUI-Introspect.git";
			requirement = {
				kind = exactVersion;
				version = 0.2.3;
			};
		};
		C38629692A0A4AF3008A98C6 /* XCRemoteSwiftPackageReference "firebase-ios-sdk" */ = {
			isa = XCRemoteSwiftPackageReference;
			repositoryURL = "https://github.com/firebase/firebase-ios-sdk";
			requirement = {
				kind = exactVersion;
				version = 9.6.0;
			};
		};
/* End XCRemoteSwiftPackageReference section */

/* Begin XCSwiftPackageProductDependency section */
		C32419872A02DFE500856BB1 /* Introspect */ = {
			isa = XCSwiftPackageProductDependency;
			package = C32419862A02DFE500856BB1 /* XCRemoteSwiftPackageReference "SwiftUI-Introspect" */;
			productName = Introspect;
		};
		C386296C2A0A4AF3008A98C6 /* FirebaseCrashlytics */ = {
			isa = XCSwiftPackageProductDependency;
			package = C38629692A0A4AF3008A98C6 /* XCRemoteSwiftPackageReference "firebase-ios-sdk" */;
			productName = FirebaseCrashlytics;
		};
		C386296E2A0A4AF3008A98C6 /* FirebaseFunctions */ = {
			isa = XCSwiftPackageProductDependency;
			package = C38629692A0A4AF3008A98C6 /* XCRemoteSwiftPackageReference "firebase-ios-sdk" */;
			productName = FirebaseFunctions;
		};
		C38629742A0A5132008A98C6 /* FirebaseAnalyticsWithoutAdIdSupport */ = {
			isa = XCSwiftPackageProductDependency;
			package = C38629692A0A4AF3008A98C6 /* XCRemoteSwiftPackageReference "firebase-ios-sdk" */;
			productName = FirebaseAnalyticsWithoutAdIdSupport;
		};
/* End XCSwiftPackageProductDependency section */

/* Begin XCVersionGroup section */
		C39BD7582A012E6F00F83501 /* PomodoroApp.xcdatamodeld */ = {
			isa = XCVersionGroup;
			children = (
				C39BD7592A012E6F00F83501 /* PomodoroApp.xcdatamodel */,
			);
			currentVersion = C39BD7592A012E6F00F83501 /* PomodoroApp.xcdatamodel */;
			path = PomodoroApp.xcdatamodeld;
			sourceTree = "<group>";
			versionGroupType = wrapper.xcdatamodel;
		};
/* End XCVersionGroup section */
	};
	rootObject = C39BD7422A012E6E00F83501 /* Project object */;
}
